{
  "requires": true,
  "lockfileVersion": 1,
  "dependencies": {
    "emojibase": {
      "version": "6.1.0",
      "resolved": "https://registry.npmjs.org/emojibase/-/emojibase-6.1.0.tgz",
      "integrity": "sha512-1GkKJPXP6tVkYJHOBSJHoGOr/6uaDxZ9xJ6H7m6PfdGXTmQgbALHLWaVRY4Gi/qf5x/gT/NUXLPuSHYLqtLtrQ=="
    },
    "picmo": {
      "version": "5.0.0-beta.7",
      "resolved": "https://registry.npmjs.org/picmo/-/picmo-5.0.0-beta.7.tgz",
      "integrity": "sha512-HXOjr2ewbLpfKtoYOSRkC3Lc5UbBq3uPxsNj4+pH+2MGvmZ4Euw4yYWmm529/rBV+BxV980SysBSvyAHoiqOrA==",
      "requires": {
        "emojibase": "^6.1.0"
      }
    }
  }
}
